
Microsoft Visual Studio Solution File, Format Version 12.00
# Visual Studio Version 17
VisualStudioVersion = 17.13.35806.99 d17.13
MinimumVisualStudioVersion = 10.0.40219.1
Project("{FAE04EC0-301F-11D3-BF4B-00C04F79EFBC}") = "ApplesAndPears", "ApplesAndPears\ApplesAndPears.csproj", "{BD9679BD-EBB8-4315-A3F7-6E6C84572763}"
EndProject
Global
	GlobalSection(SolutionConfigurationPlatforms) = preSolution
		Debug|Any CPU = Debug|Any CPU
		Release|Any CPU = Release|Any CPU
	EndGlobalSection
	GlobalSection(ProjectConfigurationPlatforms) = postSolution
		{BD9679BD-EBB8-4315-A3F7-6E6C84572763}.Debug|Any CPU.ActiveCfg = Debug|Any CPU
		{BD9679BD-EBB8-4315-A3F7-6E6C84572763}.Debug|Any CPU.Build.0 = Debug|Any CPU
		{BD9679BD-EBB8-4315-A3F7-6E6C84572763}.Release|Any CPU.ActiveCfg = Release|Any CPU
		{BD9679BD-EBB8-4315-A3F7-6E6C84572763}.Release|Any CPU.Build.0 = Release|Any CPU
	EndGlobalSection
	GlobalSection(SolutionProperties) = preSolution
		HideSolutionNode = FALSE
	EndGlobalSection
	GlobalSection(ExtensibilityGlobals) = postSolution
		SolutionGuid = {395805E4-760A-47EB-8B39-A7590DB6E5E6}
	EndGlobalSection
EndGlobal
